{
  "name": "@synaptrix/spilli-api-bridge",
  "version": "0.1.0",
  "lockfileVersion": 3,
  "requires": true,
  "packages": {
    "": {
      "name": "@synaptrix/spilli-api-bridge",
      "version": "0.1.0",
      "dependencies": {
        "@synaptrix/spilli": "^0.4.5"
      },
      "engines": {
        "node": ">=20"
      }
    },
    "node_modules/@synaptrix/spilli": {
      "version": "0.4.5",
      "resolved": "https://registry.npmjs.org/@synaptrix/spilli/-/spilli-0.4.5.tgz",
      "integrity": "sha512-Y1bddT8fv3eFnFTMXn4B22Le14D+CLuHi5Mwd9RJbgpMvoOw8axb16GwuujiygGaQgh9CPqy+JOoS1jJK0QJ2Q==",
      "license": "SEE LICENSE IN ../../LICENSE",
      "optionalDependencies": {
        "@synaptrix/spilli-darwin-arm64": "0.4.5",
        "@synaptrix/spilli-darwin-x64": "0.4.5",
        "@synaptrix/spilli-linux-x64": "0.4.5",
        "@synaptrix/spilli-win32-x64": "0.4.5"
      }
    },
    "node_modules/@synaptrix/spilli-darwin-arm64": {
      "version": "0.4.5",
      "resolved": "https://registry.npmjs.org/@synaptrix/spilli-darwin-arm64/-/spilli-darwin-arm64-0.4.5.tgz",
      "integrity": "sha512-1l+UtfM03WRTj1XnHWDml8o+de3NqSDNP4Ty+47ADSwVmd+V6GbtdRPGtd69ZX3lfyRet+iqeUXBr1xABrUoWw==",
      "license": "SEE LICENSE IN ../../LICENSE",
      "optional": true
    },
    "node_modules/@synaptrix/spilli-darwin-x64": {
      "version": "0.4.5",
      "resolved": "https://registry.npmjs.org/@synaptrix/spilli-darwin-x64/-/spilli-darwin-x64-0.4.5.tgz",
      "integrity": "sha512-ZuNzaqJ2bdIINlvMYkygPkZmBohZzGR3ruAF8IblCUGIF9dkS8ItIGMDX8Kb000wvbJDax6/u0zY3BFSxSMEJw==",
      "license": "SEE LICENSE IN ../../LICENSE",
      "optional": true
    },
    "node_modules/@synaptrix/spilli-linux-x64": {
      "version": "0.4.5",
      "resolved": "https://registry.npmjs.org/@synaptrix/spilli-linux-x64/-/spilli-linux-x64-0.4.5.tgz",
      "integrity": "sha512-h1upgd5uyA6HFVKWZX/2lJzFteQLKSfrba3ldrwAhd0P7gMNNfiCuDQudMMmdHwpGWAMucGKZNQ3Vl+q0zpI9Q==",
      "license": "SEE LICENSE IN ../../LICENSE",
      "optional": true
    },
    "node_modules/@synaptrix/spilli-win32-x64": {
      "version": "0.4.5",
      "resolved": "https://registry.npmjs.org/@synaptrix/spilli-win32-x64/-/spilli-win32-x64-0.4.5.tgz",
      "integrity": "sha512-4CdnSDxQBvkcIurLU6V0Sj49K5Ppy+j9A95sFBbT9c2hSbIVA58b+SxrISxeTJEnLpGrWWOg4xmWMj7J0BTovw==",
      "license": "SEE LICENSE IN ../../LICENSE",
      "optional": true
    }
  }
}
