{
  "name": "@synaptrix/spilli-api-bridge",
  "version": "0.1.0",
  "lockfileVersion": 3,
  "requires": true,
  "packages": {
    "": {
      "name": "@synaptrix/spilli-api-bridge",
      "version": "0.1.0",
      "dependencies": {
        "@synaptrix/spilli": "^0.4.6"
      },
      "engines": {
        "node": ">=20"
      }
    },
    "node_modules/@synaptrix/spilli": {
      "version": "0.4.6",
      "resolved": "https://registry.npmjs.org/@synaptrix/spilli/-/spilli-0.4.6.tgz",
      "integrity": "sha512-u3nKF03ewCxM28iNcRwLlzqSaJBIrKMCA0sGdFiCvwP/IxKV1Z88Ly8ywgk644/iwYZKqtJPwdTg4BiHvOwxcw==",
      "license": "SEE LICENSE IN ../../LICENSE",
      "optionalDependencies": {
        "@synaptrix/spilli-darwin-arm64": "0.4.6",
        "@synaptrix/spilli-darwin-x64": "0.4.6",
        "@synaptrix/spilli-linux-x64": "0.4.6",
        "@synaptrix/spilli-win32-x64": "0.4.6"
      }
    },
    "node_modules/@synaptrix/spilli-darwin-arm64": {
      "version": "0.4.6",
      "resolved": "https://registry.npmjs.org/@synaptrix/spilli-darwin-arm64/-/spilli-darwin-arm64-0.4.6.tgz",
      "integrity": "sha512-Cp4xwDX3XOFUfqKPpjJnp9YYx6gkFC1IyIf0PgRyFiAAdJj7mw/teFco9W+g92W73InCkyKemw0EMmLho5UUXg==",
      "license": "SEE LICENSE IN ../../LICENSE",
      "optional": true
    },
    "node_modules/@synaptrix/spilli-darwin-x64": {
      "version": "0.4.6",
      "resolved": "https://registry.npmjs.org/@synaptrix/spilli-darwin-x64/-/spilli-darwin-x64-0.4.6.tgz",
      "integrity": "sha512-R5IoEuWK+tbpOIvcWa6QfsfsoLvW4t3wvU8NtgLd0tnJIQE1Cg80PBNkspXzvlrg7HQ1YOx/3e4hIDEGfcNS6A==",
      "license": "SEE LICENSE IN ../../LICENSE",
      "optional": true
    },
    "node_modules/@synaptrix/spilli-linux-x64": {
      "version": "0.4.6",
      "resolved": "https://registry.npmjs.org/@synaptrix/spilli-linux-x64/-/spilli-linux-x64-0.4.6.tgz",
      "integrity": "sha512-KDznVkBUyNGySBDuJvyQnuZppDtWAf4F6ZAb4M+584u6pElUKKno5cjLbtviFaIx2ChzG3Koi1eZ7oCsQmQ0fg==",
      "license": "SEE LICENSE IN ../../LICENSE",
      "optional": true
    },
    "node_modules/@synaptrix/spilli-win32-x64": {
      "version": "0.4.6",
      "resolved": "https://registry.npmjs.org/@synaptrix/spilli-win32-x64/-/spilli-win32-x64-0.4.6.tgz",
      "integrity": "sha512-6nTjsRyuba724/anm7fyKoR3WNR8xO6zMEfYoTAzBWrs4oZZzRMPO1gGmbxycR7nvn/B9RCuxPmjcV8x7XE3qg==",
      "license": "SEE LICENSE IN ../../LICENSE",
      "optional": true
    }
  }
}
