{
  "name": "@synaptrix/spilli-api-bridge",
  "version": "0.1.0",
  "lockfileVersion": 3,
  "requires": true,
  "packages": {
    "": {
      "name": "@synaptrix/spilli-api-bridge",
      "version": "0.1.0",
      "dependencies": {
        "@synaptrix/spilli": "^0.4.9"
      },
      "engines": {
        "node": ">=20"
      }
    },
    "node_modules/@synaptrix/spilli": {
      "version": "0.4.9",
      "resolved": "https://registry.npmjs.org/@synaptrix/spilli/-/spilli-0.4.9.tgz",
      "integrity": "sha512-NRLB4tGZdnlKPUicJM91Zot1F3OE+Rjuj/z6RaAHNNkfrHNy3TFPlKTPV60wnxdCEnRP5g3AcL7FBdI5pXEsRw==",
      "license": "SEE LICENSE IN ../../LICENSE",
      "optionalDependencies": {
        "@synaptrix/spilli-darwin-arm64": "0.4.9",
        "@synaptrix/spilli-darwin-x64": "0.4.9",
        "@synaptrix/spilli-linux-x64": "0.4.9",
        "@synaptrix/spilli-win32-x64": "0.4.9"
      }
    },
    "node_modules/@synaptrix/spilli-darwin-arm64": {
      "version": "0.4.9",
      "resolved": "https://registry.npmjs.org/@synaptrix/spilli-darwin-arm64/-/spilli-darwin-arm64-0.4.9.tgz",
      "integrity": "sha512-JHSk5j9IcKXATFTa+YH4Pk5VZUoGjqDgjTbb7JqVRPdFjwDQzFkzW/ezZ2MdeL28yGirfGx6RuOcVjQ4W9ev3g==",
      "cpu": [
        "arm64"
      ],
      "license": "SEE LICENSE IN ../../LICENSE",
      "optional": true,
      "os": [
        "darwin"
      ]
    },
    "node_modules/@synaptrix/spilli-darwin-x64": {
      "version": "0.4.9",
      "resolved": "https://registry.npmjs.org/@synaptrix/spilli-darwin-x64/-/spilli-darwin-x64-0.4.9.tgz",
      "integrity": "sha512-JzrK7KaxSCEocetNMD9tFez3Vjn73KRF/FVdCx3wK+64OlmiyY6/oeiT8HwxGS6IjCME0JS66+XuaO+hCZbfrg==",
      "cpu": [
        "x64"
      ],
      "license": "SEE LICENSE IN ../../LICENSE",
      "optional": true,
      "os": [
        "darwin"
      ]
    },
    "node_modules/@synaptrix/spilli-linux-x64": {
      "version": "0.4.9",
      "resolved": "https://registry.npmjs.org/@synaptrix/spilli-linux-x64/-/spilli-linux-x64-0.4.9.tgz",
      "integrity": "sha512-RcpGbGDfi+02+HMRsu0lb42jvxwKmFuSYVuN9c0Gvi8S9VjkLbBcL3MwNi+VJOYBrNs8lKBxaKIdmmWnZCSXFg==",
      "cpu": [
        "x64"
      ],
      "license": "SEE LICENSE IN ../../LICENSE",
      "optional": true,
      "os": [
        "linux"
      ]
    },
    "node_modules/@synaptrix/spilli-win32-x64": {
      "version": "0.4.9",
      "resolved": "https://registry.npmjs.org/@synaptrix/spilli-win32-x64/-/spilli-win32-x64-0.4.9.tgz",
      "integrity": "sha512-wGPZK3dmN0kS6hUXDwnWaplnRkLGP2JY1VRYp057FVPNY7Bi4AsMi5l9QJhpXLvmh0e/hiDgWxzdod42+8TCvg==",
      "cpu": [
        "x64"
      ],
      "license": "SEE LICENSE IN ../../LICENSE",
      "optional": true,
      "os": [
        "win32"
      ]
    }
  }
}
